
Microsoft Visual Studio Solution File, Format Version 12.00
# Visual Studio 15
VisualStudioVersion = 15.0.28307.489
MinimumVisualStudioVersion = 10.0.40219.1
Project("{2150E333-8FDC-42A3-9474-1A3956D46DE8}") = "Section 2", "Section 2", "{32C1CC87-BCAE-44F9-B9AC-CCBFB9D5966C}"
EndProject
Project("{FAE04EC0-301F-11D3-BF4B-00C04F79EFBC}") = "ClassLibraryPractice", "ClassLibrary1\ClassLibraryPractice.csproj", "{D784DFCA-707A-4E89-840C-AE69CC55A120}"
EndProject
Project("{FAE04EC0-301F-11D3-BF4B-00C04F79EFBC}") = "ClassLibraryTest", "ClassLibraryTest\ClassLibraryTest.csproj", "{6C1F9EE5-CB91-4A46-9247-74B45010913D}"
EndProject
Project("{2150E333-8FDC-42A3-9474-1A3956D46DE8}") = "Section 3", "Section 3", "{582358C4-7FAC-4DB1-8F8E-078A2F1A4FD1}"
EndProject
Project("{FAE04EC0-301F-11D3-BF4B-00C04F79EFBC}") = "HelloWorld", "HelloWorld\HelloWorld.csproj", "{428E5AA7-F104-4708-AE69-FBBD8113079E}"
EndProject
Project("{2150E333-8FDC-42A3-9474-1A3956D46DE8}") = "Section 4", "Section 4", "{39017BC7-FD04-4AB1-97AA-BF390871055B}"
EndProject
Project("{FAE04EC0-301F-11D3-BF4B-00C04F79EFBC}") = "UnitTestProject", "UnitTestProject\UnitTestProject.csproj", "{2A861BF0-F413-4930-A921-F4305EB60798}"
EndProject
Project("{2150E333-8FDC-42A3-9474-1A3956D46DE8}") = "Section 5", "Section 5", "{458DD37E-5CC9-4C72-9970-5D75DAF30E88}"
EndProject
Project("{2150E333-8FDC-42A3-9474-1A3956D46DE8}") = "testtest", "testtest", "{0A7C8FFC-7E7C-4739-AB2E-F52F77F1493D}"
EndProject
Project("{FAE04EC0-301F-11D3-BF4B-00C04F79EFBC}") = "UnitTestProjectSample", "UnitTestProject2\UnitTestProjectSample.csproj", "{17783D59-AD57-48C0-8F78-31152ABC1F91}"
EndProject
Project("{9A19103F-16F7-4668-BE54-9A1E7A4F7556}") = "MSTestSample", "UnitTestProject3\MSTestSample.csproj", "{95EAC59B-E66A-49C5-A6BA-F1869BE6DC4E}"
EndProject
Project("{FAE04EC0-301F-11D3-BF4B-00C04F79EFBC}") = "Section5", "Section5\Section5.csproj", "{83DC872D-5688-4C79-89FA-1D422CB3AFDF}"
EndProject
Project("{FAE04EC0-301F-11D3-BF4B-00C04F79EFBC}") = "ConsoleApp", "ConsoleApp\ConsoleApp.csproj", "{48C57100-D613-4621-9F1F-A06E21C06566}"
EndProject
Project("{2150E333-8FDC-42A3-9474-1A3956D46DE8}") = "Section 6", "Section 6", "{34B38227-AF64-49DA-9E0F-0082085E535F}"
EndProject
Project("{FAE04EC0-301F-11D3-BF4B-00C04F79EFBC}") = "Section6", "Section6\Section6.csproj", "{058FBDF2-4BAF-4AFC-8647-5B5290406A2F}"
EndProject
Project("{2150E333-8FDC-42A3-9474-1A3956D46DE8}") = "Section 7", "Section 7", "{056F7AD7-52FE-47E7-9874-5BEF4E2D8F49}"
EndProject
Project("{FAE04EC0-301F-11D3-BF4B-00C04F79EFBC}") = "ClassLibrary", "ClassLibrary\ClassLibrary.csproj", "{D99F9BA7-EC80-4447-8174-428A51F6FBBB}"
EndProject
Project("{FAE04EC0-301F-11D3-BF4B-00C04F79EFBC}") = "Section7", "Section7\Section7.csproj", "{DC1B5B47-2D38-45E4-8BD0-5465F41369D1}"
EndProject
Project("{2150E333-8FDC-42A3-9474-1A3956D46DE8}") = "Section 8", "Section 8", "{3606F172-8687-4289-8D28-38099B8F415A}"
EndProject
Project("{FAE04EC0-301F-11D3-BF4B-00C04F79EFBC}") = "Section8", "Section8\Section8.csproj", "{EF977BBD-9E23-4334-A95A-EEB4E8A526A8}"
EndProject
Project("{2150E333-8FDC-42A3-9474-1A3956D46DE8}") = "Section 9", "Section 9", "{90E76010-684A-426A-92DC-4CC86E9C9CFE}"
EndProject
Project("{FAE04EC0-301F-11D3-BF4B-00C04F79EFBC}") = "Section9", "UnitTestProject4\Section9.csproj", "{259F22D1-A783-48E2-9840-3BE7DAC313F4}"
EndProject
Project("{2150E333-8FDC-42A3-9474-1A3956D46DE8}") = "Section10", "Section10", "{3DB23AE1-7B09-481C-9DF0-0061C510AEA5}"
EndProject
Project("{FAE04EC0-301F-11D3-BF4B-00C04F79EFBC}") = "Section10", "Section9\Section10.csproj", "{464F9D06-493F-4906-9D89-14272F537794}"
EndProject
Project("{2150E333-8FDC-42A3-9474-1A3956D46DE8}") = "CodingQuiz", "CodingQuiz", "{8A5406EF-5C2A-48A5-987C-DCD950389D3A}"
EndProject
Project("{FAE04EC0-301F-11D3-BF4B-00C04F79EFBC}") = "CodingQuiz", "CodingQuiz\CodingQuiz.csproj", "{BB793E35-9A11-4518-BD89-F58E04651858}"
EndProject
Project("{2150E333-8FDC-42A3-9474-1A3956D46DE8}") = "Section 11", "Section 11", "{A6A290E9-C7D4-4ED7-ABDA-C952196CBDAE}"
EndProject
Project("{FAE04EC0-301F-11D3-BF4B-00C04F79EFBC}") = "Section11", "Section11\Section11.csproj", "{8091DB3C-CC87-4C50-AE25-45B664856112}"
EndProject
Project("{2150E333-8FDC-42A3-9474-1A3956D46DE8}") = "Section 12", "Section 12", "{708C5770-8D5A-4CB1-AB2B-FD1F2A6C9E51}"
EndProject
Project("{FAE04EC0-301F-11D3-BF4B-00C04F79EFBC}") = "Section12", "Section12\Section12.csproj", "{2AFD3395-199E-4985-A7A6-3C68ED57054D}"
EndProject
Project("{2150E333-8FDC-42A3-9474-1A3956D46DE8}") = "Section 13", "Section 13", "{AE04E04D-752B-4C2C-919C-FC100B52C69E}"
EndProject
Project("{FAE04EC0-301F-11D3-BF4B-00C04F79EFBC}") = "Section13", "Section13\Section13.csproj", "{22B8C589-5FAD-4216-8932-C5C63C25FD7B}"
EndProject
Global
	GlobalSection(SolutionConfigurationPlatforms) = preSolution
		Debug|Any CPU = Debug|Any CPU
		Release|Any CPU = Release|Any CPU
	EndGlobalSection
	GlobalSection(ProjectConfigurationPlatforms) = postSolution
		{D784DFCA-707A-4E89-840C-AE69CC55A120}.Debug|Any CPU.ActiveCfg = Debug|Any CPU
		{D784DFCA-707A-4E89-840C-AE69CC55A120}.Debug|Any CPU.Build.0 = Debug|Any CPU
		{D784DFCA-707A-4E89-840C-AE69CC55A120}.Release|Any CPU.ActiveCfg = Release|Any CPU
		{D784DFCA-707A-4E89-840C-AE69CC55A120}.Release|Any CPU.Build.0 = Release|Any CPU
		{6C1F9EE5-CB91-4A46-9247-74B45010913D}.Debug|Any CPU.ActiveCfg = Debug|Any CPU
		{6C1F9EE5-CB91-4A46-9247-74B45010913D}.Debug|Any CPU.Build.0 = Debug|Any CPU
		{6C1F9EE5-CB91-4A46-9247-74B45010913D}.Release|Any CPU.ActiveCfg = Release|Any CPU
		{6C1F9EE5-CB91-4A46-9247-74B45010913D}.Release|Any CPU.Build.0 = Release|Any CPU
		{428E5AA7-F104-4708-AE69-FBBD8113079E}.Debug|Any CPU.ActiveCfg = Debug|Any CPU
		{428E5AA7-F104-4708-AE69-FBBD8113079E}.Debug|Any CPU.Build.0 = Debug|Any CPU
		{428E5AA7-F104-4708-AE69-FBBD8113079E}.Release|Any CPU.ActiveCfg = Release|Any CPU
		{428E5AA7-F104-4708-AE69-FBBD8113079E}.Release|Any CPU.Build.0 = Release|Any CPU
		{2A861BF0-F413-4930-A921-F4305EB60798}.Debug|Any CPU.ActiveCfg = Debug|Any CPU
		{2A861BF0-F413-4930-A921-F4305EB60798}.Debug|Any CPU.Build.0 = Debug|Any CPU
		{2A861BF0-F413-4930-A921-F4305EB60798}.Release|Any CPU.ActiveCfg = Release|Any CPU
		{2A861BF0-F413-4930-A921-F4305EB60798}.Release|Any CPU.Build.0 = Release|Any CPU
		{17783D59-AD57-48C0-8F78-31152ABC1F91}.Debug|Any CPU.ActiveCfg = Debug|Any CPU
		{17783D59-AD57-48C0-8F78-31152ABC1F91}.Debug|Any CPU.Build.0 = Debug|Any CPU
		{17783D59-AD57-48C0-8F78-31152ABC1F91}.Release|Any CPU.ActiveCfg = Release|Any CPU
		{17783D59-AD57-48C0-8F78-31152ABC1F91}.Release|Any CPU.Build.0 = Release|Any CPU
		{95EAC59B-E66A-49C5-A6BA-F1869BE6DC4E}.Debug|Any CPU.ActiveCfg = Debug|Any CPU
		{95EAC59B-E66A-49C5-A6BA-F1869BE6DC4E}.Debug|Any CPU.Build.0 = Debug|Any CPU
		{95EAC59B-E66A-49C5-A6BA-F1869BE6DC4E}.Release|Any CPU.ActiveCfg = Release|Any CPU
		{95EAC59B-E66A-49C5-A6BA-F1869BE6DC4E}.Release|Any CPU.Build.0 = Release|Any CPU
		{83DC872D-5688-4C79-89FA-1D422CB3AFDF}.Debug|Any CPU.ActiveCfg = Debug|Any CPU
		{83DC872D-5688-4C79-89FA-1D422CB3AFDF}.Debug|Any CPU.Build.0 = Debug|Any CPU
		{83DC872D-5688-4C79-89FA-1D422CB3AFDF}.Release|Any CPU.ActiveCfg = Release|Any CPU
		{83DC872D-5688-4C79-89FA-1D422CB3AFDF}.Release|Any CPU.Build.0 = Release|Any CPU
		{48C57100-D613-4621-9F1F-A06E21C06566}.Debug|Any CPU.ActiveCfg = Debug|Any CPU
		{48C57100-D613-4621-9F1F-A06E21C06566}.Debug|Any CPU.Build.0 = Debug|Any CPU
		{48C57100-D613-4621-9F1F-A06E21C06566}.Release|Any CPU.ActiveCfg = Release|Any CPU
		{48C57100-D613-4621-9F1F-A06E21C06566}.Release|Any CPU.Build.0 = Release|Any CPU
		{058FBDF2-4BAF-4AFC-8647-5B5290406A2F}.Debug|Any CPU.ActiveCfg = Debug|Any CPU
		{058FBDF2-4BAF-4AFC-8647-5B5290406A2F}.Debug|Any CPU.Build.0 = Debug|Any CPU
		{058FBDF2-4BAF-4AFC-8647-5B5290406A2F}.Release|Any CPU.ActiveCfg = Release|Any CPU
		{058FBDF2-4BAF-4AFC-8647-5B5290406A2F}.Release|Any CPU.Build.0 = Release|Any CPU
		{D99F9BA7-EC80-4447-8174-428A51F6FBBB}.Debug|Any CPU.ActiveCfg = Debug|Any CPU
		{D99F9BA7-EC80-4447-8174-428A51F6FBBB}.Debug|Any CPU.Build.0 = Debug|Any CPU
		{D99F9BA7-EC80-4447-8174-428A51F6FBBB}.Release|Any CPU.ActiveCfg = Release|Any CPU
		{D99F9BA7-EC80-4447-8174-428A51F6FBBB}.Release|Any CPU.Build.0 = Release|Any CPU
		{DC1B5B47-2D38-45E4-8BD0-5465F41369D1}.Debug|Any CPU.ActiveCfg = Debug|Any CPU
		{DC1B5B47-2D38-45E4-8BD0-5465F41369D1}.Debug|Any CPU.Build.0 = Debug|Any CPU
		{DC1B5B47-2D38-45E4-8BD0-5465F41369D1}.Release|Any CPU.ActiveCfg = Release|Any CPU
		{DC1B5B47-2D38-45E4-8BD0-5465F41369D1}.Release|Any CPU.Build.0 = Release|Any CPU
		{EF977BBD-9E23-4334-A95A-EEB4E8A526A8}.Debug|Any CPU.ActiveCfg = Debug|Any CPU
		{EF977BBD-9E23-4334-A95A-EEB4E8A526A8}.Debug|Any CPU.Build.0 = Debug|Any CPU
		{EF977BBD-9E23-4334-A95A-EEB4E8A526A8}.Release|Any CPU.ActiveCfg = Release|Any CPU
		{EF977BBD-9E23-4334-A95A-EEB4E8A526A8}.Release|Any CPU.Build.0 = Release|Any CPU
		{259F22D1-A783-48E2-9840-3BE7DAC313F4}.Debug|Any CPU.ActiveCfg = Debug|Any CPU
		{259F22D1-A783-48E2-9840-3BE7DAC313F4}.Debug|Any CPU.Build.0 = Debug|Any CPU
		{259F22D1-A783-48E2-9840-3BE7DAC313F4}.Release|Any CPU.ActiveCfg = Release|Any CPU
		{259F22D1-A783-48E2-9840-3BE7DAC313F4}.Release|Any CPU.Build.0 = Release|Any CPU
		{464F9D06-493F-4906-9D89-14272F537794}.Debug|Any CPU.ActiveCfg = Debug|Any CPU
		{464F9D06-493F-4906-9D89-14272F537794}.Debug|Any CPU.Build.0 = Debug|Any CPU
		{464F9D06-493F-4906-9D89-14272F537794}.Release|Any CPU.ActiveCfg = Release|Any CPU
		{464F9D06-493F-4906-9D89-14272F537794}.Release|Any CPU.Build.0 = Release|Any CPU
		{BB793E35-9A11-4518-BD89-F58E04651858}.Debug|Any CPU.ActiveCfg = Debug|Any CPU
		{BB793E35-9A11-4518-BD89-F58E04651858}.Debug|Any CPU.Build.0 = Debug|Any CPU
		{BB793E35-9A11-4518-BD89-F58E04651858}.Release|Any CPU.ActiveCfg = Release|Any CPU
		{BB793E35-9A11-4518-BD89-F58E04651858}.Release|Any CPU.Build.0 = Release|Any CPU
		{8091DB3C-CC87-4C50-AE25-45B664856112}.Debug|Any CPU.ActiveCfg = Debug|Any CPU
		{8091DB3C-CC87-4C50-AE25-45B664856112}.Debug|Any CPU.Build.0 = Debug|Any CPU
		{8091DB3C-CC87-4C50-AE25-45B664856112}.Release|Any CPU.ActiveCfg = Release|Any CPU
		{8091DB3C-CC87-4C50-AE25-45B664856112}.Release|Any CPU.Build.0 = Release|Any CPU
		{2AFD3395-199E-4985-A7A6-3C68ED57054D}.Debug|Any CPU.ActiveCfg = Debug|Any CPU
		{2AFD3395-199E-4985-A7A6-3C68ED57054D}.Debug|Any CPU.Build.0 = Debug|Any CPU
		{2AFD3395-199E-4985-A7A6-3C68ED57054D}.Release|Any CPU.ActiveCfg = Release|Any CPU
		{2AFD3395-199E-4985-A7A6-3C68ED57054D}.Release|Any CPU.Build.0 = Release|Any CPU
		{22B8C589-5FAD-4216-8932-C5C63C25FD7B}.Debug|Any CPU.ActiveCfg = Debug|Any CPU
		{22B8C589-5FAD-4216-8932-C5C63C25FD7B}.Debug|Any CPU.Build.0 = Debug|Any CPU
		{22B8C589-5FAD-4216-8932-C5C63C25FD7B}.Release|Any CPU.ActiveCfg = Release|Any CPU
		{22B8C589-5FAD-4216-8932-C5C63C25FD7B}.Release|Any CPU.Build.0 = Release|Any CPU
	EndGlobalSection
	GlobalSection(SolutionProperties) = preSolution
		HideSolutionNode = FALSE
	EndGlobalSection
	GlobalSection(NestedProjects) = preSolution
		{D784DFCA-707A-4E89-840C-AE69CC55A120} = {32C1CC87-BCAE-44F9-B9AC-CCBFB9D5966C}
		{6C1F9EE5-CB91-4A46-9247-74B45010913D} = {32C1CC87-BCAE-44F9-B9AC-CCBFB9D5966C}
		{428E5AA7-F104-4708-AE69-FBBD8113079E} = {582358C4-7FAC-4DB1-8F8E-078A2F1A4FD1}
		{2A861BF0-F413-4930-A921-F4305EB60798} = {39017BC7-FD04-4AB1-97AA-BF390871055B}
		{17783D59-AD57-48C0-8F78-31152ABC1F91} = {0A7C8FFC-7E7C-4739-AB2E-F52F77F1493D}
		{95EAC59B-E66A-49C5-A6BA-F1869BE6DC4E} = {0A7C8FFC-7E7C-4739-AB2E-F52F77F1493D}
		{83DC872D-5688-4C79-89FA-1D422CB3AFDF} = {458DD37E-5CC9-4C72-9970-5D75DAF30E88}
		{48C57100-D613-4621-9F1F-A06E21C06566} = {0A7C8FFC-7E7C-4739-AB2E-F52F77F1493D}
		{058FBDF2-4BAF-4AFC-8647-5B5290406A2F} = {34B38227-AF64-49DA-9E0F-0082085E535F}
		{D99F9BA7-EC80-4447-8174-428A51F6FBBB} = {0A7C8FFC-7E7C-4739-AB2E-F52F77F1493D}
		{DC1B5B47-2D38-45E4-8BD0-5465F41369D1} = {056F7AD7-52FE-47E7-9874-5BEF4E2D8F49}
		{EF977BBD-9E23-4334-A95A-EEB4E8A526A8} = {3606F172-8687-4289-8D28-38099B8F415A}
		{259F22D1-A783-48E2-9840-3BE7DAC313F4} = {90E76010-684A-426A-92DC-4CC86E9C9CFE}
		{464F9D06-493F-4906-9D89-14272F537794} = {3DB23AE1-7B09-481C-9DF0-0061C510AEA5}
		{BB793E35-9A11-4518-BD89-F58E04651858} = {8A5406EF-5C2A-48A5-987C-DCD950389D3A}
		{8091DB3C-CC87-4C50-AE25-45B664856112} = {A6A290E9-C7D4-4ED7-ABDA-C952196CBDAE}
		{2AFD3395-199E-4985-A7A6-3C68ED57054D} = {708C5770-8D5A-4CB1-AB2B-FD1F2A6C9E51}
		{22B8C589-5FAD-4216-8932-C5C63C25FD7B} = {AE04E04D-752B-4C2C-919C-FC100B52C69E}
	EndGlobalSection
	GlobalSection(ExtensibilityGlobals) = postSolution
		SolutionGuid = {C5FFEC4C-38BC-46FE-9D96-56D6DBF4C422}
	EndGlobalSection
EndGlobal
